
Microsoft Visual Studio Solution File, Format Version 12.00
# Visual Studio Version 16
VisualStudioVersion = 16.0.29613.14
MinimumVisualStudioVersion = 10.0.40219.1
Project("{FAE04EC0-301F-11D3-BF4B-00C04F79EFBC}") = "Database", "Database.csproj", "{3D870372-2C4E-47C3-A7D8-D9B2FC1B427D}"
EndProject
Global
	GlobalSection(SolutionConfigurationPlatforms) = preSolution
		Debug|Any CPU = Debug|Any CPU
		Release|Any CPU = Release|Any CPU
	EndGlobalSection
	GlobalSection(ProjectConfigurationPlatforms) = postSolution
		{3D870372-2C4E-47C3-A7D8-D9B2FC1B427D}.Debug|Any CPU.ActiveCfg = Debug|Any CPU
		{3D870372-2C4E-47C3-A7D8-D9B2FC1B427D}.Debug|Any CPU.Build.0 = Debug|Any CPU
		{3D870372-2C4E-47C3-A7D8-D9B2FC1B427D}.Release|Any CPU.ActiveCfg = Release|Any CPU
		{3D870372-2C4E-47C3-A7D8-D9B2FC1B427D}.Release|Any CPU.Build.0 = Release|Any CPU
	EndGlobalSection
	GlobalSection(SolutionProperties) = preSolution
		HideSolutionNode = FALSE
	EndGlobalSection
	GlobalSection(ExtensibilityGlobals) = postSolution
		SolutionGuid = {1D2CFED9-1342-4D7F-A96F-4C10F6036E18}
	EndGlobalSection
EndGlobal
